
Microsoft Visual Studio Solution File, Format Version 12.00
# Visual Studio Version 17
VisualStudioVersion = 17.7.34031.279
MinimumVisualStudioVersion = 10.0.40219.1
Project("{8BC9CEB8-8B4A-11D0-8D11-00A0C91BC942}") = "test10", "test10.vcxproj", "{71120CC6-7DAB-4780-9265-93A12B42AEE2}"
EndProject
Global
	GlobalSection(SolutionConfigurationPlatforms) = preSolution
		Debug|x64 = Debug|x64
		Debug|x86 = Debug|x86
		Release|x64 = Release|x64
		Release|x86 = Release|x86
	EndGlobalSection
	GlobalSection(ProjectConfigurationPlatforms) = postSolution
		{71120CC6-7DAB-4780-9265-93A12B42AEE2}.Debug|x64.ActiveCfg = Debug|x64
		{71120CC6-7DAB-4780-9265-93A12B42AEE2}.Debug|x64.Build.0 = Debug|x64
		{71120CC6-7DAB-4780-9265-93A12B42AEE2}.Debug|x86.ActiveCfg = Debug|Win32
		{71120CC6-7DAB-4780-9265-93A12B42AEE2}.Debug|x86.Build.0 = Debug|Win32
		{71120CC6-7DAB-4780-9265-93A12B42AEE2}.Release|x64.ActiveCfg = Release|x64
		{71120CC6-7DAB-4780-9265-93A12B42AEE2}.Release|x64.Build.0 = Release|x64
		{71120CC6-7DAB-4780-9265-93A12B42AEE2}.Release|x86.ActiveCfg = Release|Win32
		{71120CC6-7DAB-4780-9265-93A12B42AEE2}.Release|x86.Build.0 = Release|Win32
	EndGlobalSection
	GlobalSection(SolutionProperties) = preSolution
		HideSolutionNode = FALSE
	EndGlobalSection
	GlobalSection(ExtensibilityGlobals) = postSolution
		SolutionGuid = {BF8A5F6A-5F85-44AF-88E3-2E226B7FDAB6}
	EndGlobalSection
EndGlobal
